
Microsoft Visual Studio Solution File, Format Version 12.00
# Visual Studio Version 17
VisualStudioVersion = 17.12.35707.178
MinimumVisualStudioVersion = 10.0.40219.1
Project("{FAE04EC0-301F-11D3-BF4B-00C04F79EFBC}") = "ARMenu", "ARMenu\ARMenu.csproj", "{BFCE743E-9EE4-46A9-942A-7BF24071A1D0}"
EndProject
Project("{FAE04EC0-301F-11D3-BF4B-00C04F79EFBC}") = "ARMenu.Tests", "ARMenu.Tests\ARMenu.Tests.csproj", "{152492FB-1EAC-4981-9651-9979095941CD}"
EndProject
Global
	GlobalSection(SolutionConfigurationPlatforms) = preSolution
		Debug|Any CPU = Debug|Any CPU
		Debug|x64 = Debug|x64
		Debug|x86 = Debug|x86
		Release|Any CPU = Release|Any CPU
		Release|x64 = Release|x64
		Release|x86 = Release|x86
	EndGlobalSection
	GlobalSection(ProjectConfigurationPlatforms) = postSolution
		{BFCE743E-9EE4-46A9-942A-7BF24071A1D0}.Debug|Any CPU.ActiveCfg = Debug|Any CPU
		{BFCE743E-9EE4-46A9-942A-7BF24071A1D0}.Debug|Any CPU.Build.0 = Debug|Any CPU
		{BFCE743E-9EE4-46A9-942A-7BF24071A1D0}.Debug|x64.ActiveCfg = Debug|Any CPU
		{BFCE743E-9EE4-46A9-942A-7BF24071A1D0}.Debug|x64.Build.0 = Debug|Any CPU
		{BFCE743E-9EE4-46A9-942A-7BF24071A1D0}.Debug|x86.ActiveCfg = Debug|Any CPU
		{BFCE743E-9EE4-46A9-942A-7BF24071A1D0}.Debug|x86.Build.0 = Debug|Any CPU
		{BFCE743E-9EE4-46A9-942A-7BF24071A1D0}.Release|Any CPU.ActiveCfg = Release|Any CPU
		{BFCE743E-9EE4-46A9-942A-7BF24071A1D0}.Release|Any CPU.Build.0 = Release|Any CPU
		{BFCE743E-9EE4-46A9-942A-7BF24071A1D0}.Release|x64.ActiveCfg = Release|Any CPU
		{BFCE743E-9EE4-46A9-942A-7BF24071A1D0}.Release|x64.Build.0 = Release|Any CPU
		{BFCE743E-9EE4-46A9-942A-7BF24071A1D0}.Release|x86.ActiveCfg = Release|Any CPU
		{BFCE743E-9EE4-46A9-942A-7BF24071A1D0}.Release|x86.Build.0 = Release|Any CPU
		{152492FB-1EAC-4981-9651-9979095941CD}.Debug|Any CPU.ActiveCfg = Debug|Any CPU
		{152492FB-1EAC-4981-9651-9979095941CD}.Debug|Any CPU.Build.0 = Debug|Any CPU
		{152492FB-1EAC-4981-9651-9979095941CD}.Debug|x64.ActiveCfg = Debug|Any CPU
		{152492FB-1EAC-4981-9651-9979095941CD}.Debug|x64.Build.0 = Debug|Any CPU
		{152492FB-1EAC-4981-9651-9979095941CD}.Debug|x86.ActiveCfg = Debug|Any CPU
		{152492FB-1EAC-4981-9651-9979095941CD}.Debug|x86.Build.0 = Debug|Any CPU
		{152492FB-1EAC-4981-9651-9979095941CD}.Release|Any CPU.ActiveCfg = Release|Any CPU
		{152492FB-1EAC-4981-9651-9979095941CD}.Release|Any CPU.Build.0 = Release|Any CPU
		{152492FB-1EAC-4981-9651-9979095941CD}.Release|x64.ActiveCfg = Release|Any CPU
		{152492FB-1EAC-4981-9651-9979095941CD}.Release|x64.Build.0 = Release|Any CPU
		{152492FB-1EAC-4981-9651-9979095941CD}.Release|x86.ActiveCfg = Release|Any CPU
		{152492FB-1EAC-4981-9651-9979095941CD}.Release|x86.Build.0 = Release|Any CPU
	EndGlobalSection
	GlobalSection(SolutionProperties) = preSolution
		HideSolutionNode = FALSE
	EndGlobalSection
	GlobalSection(ExtensibilityGlobals) = postSolution
		SolutionGuid = {C3D2A612-8F84-4D71-8824-0C9CFA8C9DC4}
	EndGlobalSection
EndGlobal
